
Microsoft Visual Studio Solution File, Format Version 12.00
# Visual Studio 15
VisualStudioVersion = 15.0.26730.3
MinimumVisualStudioVersion = 10.0.40219.1
Project("{FAE04EC0-301F-11D3-BF4B-00C04F79EFBC}") = "My Band", "My Band\My Band.csproj", "{DAC01BAD-47C0-4455-9030-5779821D16DD}"
EndProject
Global
	GlobalSection(SolutionConfigurationPlatforms) = preSolution
		Debug|Any CPU = Debug|Any CPU
		Release|Any CPU = Release|Any CPU
	EndGlobalSection
	GlobalSection(ProjectConfigurationPlatforms) = postSolution
		{DAC01BAD-47C0-4455-9030-5779821D16DD}.Debug|Any CPU.ActiveCfg = Debug|Any CPU
		{DAC01BAD-47C0-4455-9030-5779821D16DD}.Debug|Any CPU.Build.0 = Debug|Any CPU
		{DAC01BAD-47C0-4455-9030-5779821D16DD}.Debug|Any CPU.Deploy.0 = Debug|Any CPU
		{DAC01BAD-47C0-4455-9030-5779821D16DD}.Release|Any CPU.ActiveCfg = Release|Any CPU
		{DAC01BAD-47C0-4455-9030-5779821D16DD}.Release|Any CPU.Build.0 = Release|Any CPU
		{DAC01BAD-47C0-4455-9030-5779821D16DD}.Release|Any CPU.Deploy.0 = Release|Any CPU
	EndGlobalSection
	GlobalSection(SolutionProperties) = preSolution
		HideSolutionNode = FALSE
	EndGlobalSection
	GlobalSection(ExtensibilityGlobals) = postSolution
		SolutionGuid = {337E4CEA-E018-424C-B746-4F115C1D09AD}
	EndGlobalSection
EndGlobal
